
Microsoft Visual Studio Solution File, Format Version 12.00
# Visual Studio Version 17
VisualStudioVersion = 17.7.34221.43
MinimumVisualStudioVersion = 10.0.40219.1
Project("{FAE04EC0-301F-11D3-BF4B-00C04F79EFBC}") = "Practica 2.0", "Practica 2.0.csproj", "{DD618B66-6D2F-4089-A9C7-03CA5823450A}"
EndProject
Global
	GlobalSection(SolutionConfigurationPlatforms) = preSolution
		Debug|Any CPU = Debug|Any CPU
		Release|Any CPU = Release|Any CPU
	EndGlobalSection
	GlobalSection(ProjectConfigurationPlatforms) = postSolution
		{DD618B66-6D2F-4089-A9C7-03CA5823450A}.Debug|Any CPU.ActiveCfg = Debug|Any CPU
		{DD618B66-6D2F-4089-A9C7-03CA5823450A}.Debug|Any CPU.Build.0 = Debug|Any CPU
		{DD618B66-6D2F-4089-A9C7-03CA5823450A}.Release|Any CPU.ActiveCfg = Release|Any CPU
		{DD618B66-6D2F-4089-A9C7-03CA5823450A}.Release|Any CPU.Build.0 = Release|Any CPU
	EndGlobalSection
	GlobalSection(SolutionProperties) = preSolution
		HideSolutionNode = FALSE
	EndGlobalSection
	GlobalSection(ExtensibilityGlobals) = postSolution
		SolutionGuid = {FD704A94-3F25-4B5C-B939-7813FF1AE01B}
	EndGlobalSection
EndGlobal
